
Microsoft Visual Studio Solution File, Format Version 12.00
# Visual Studio Version 17
VisualStudioVersion = 17.3.32819.101
MinimumVisualStudioVersion = 10.0.40219.1
Project("{FAE04EC0-301F-11D3-BF4B-00C04F79EFBC}") = "LargeFileUpload", "LargeFileUpload\LargeFileUpload.csproj", "{7DBF4B19-DBD3-4A24-9A7A-C91DA2B277DB}"
EndProject
Global
	GlobalSection(SolutionConfigurationPlatforms) = preSolution
		Debug|Any CPU = Debug|Any CPU
		Release|Any CPU = Release|Any CPU
	EndGlobalSection
	GlobalSection(ProjectConfigurationPlatforms) = postSolution
		{7DBF4B19-DBD3-4A24-9A7A-C91DA2B277DB}.Debug|Any CPU.ActiveCfg = Debug|Any CPU
		{7DBF4B19-DBD3-4A24-9A7A-C91DA2B277DB}.Debug|Any CPU.Build.0 = Debug|Any CPU
		{7DBF4B19-DBD3-4A24-9A7A-C91DA2B277DB}.Release|Any CPU.ActiveCfg = Release|Any CPU
		{7DBF4B19-DBD3-4A24-9A7A-C91DA2B277DB}.Release|Any CPU.Build.0 = Release|Any CPU
	EndGlobalSection
	GlobalSection(SolutionProperties) = preSolution
		HideSolutionNode = FALSE
	EndGlobalSection
	GlobalSection(ExtensibilityGlobals) = postSolution
		SolutionGuid = {88CAF99F-282D-435C-8F36-DD7CB30C73F5}
	EndGlobalSection
EndGlobal
